
Microsoft Visual Studio Solution File, Format Version 12.00
# Visual Studio Version 17
VisualStudioVersion = 17.1.32228.430
MinimumVisualStudioVersion = 10.0.40219.1
Project("{FAE04EC0-301F-11D3-BF4B-00C04F79EFBC}") = "ATM", "ATM\ATM.csproj", "{8E9D0C48-F9A6-4D44-B57E-E9D747C112A1}"
EndProject
Project("{FAE04EC0-301F-11D3-BF4B-00C04F79EFBC}") = "ATM.Tests", "ATM.Tests\ATM.Tests.csproj", "{033D3DED-2FB6-492E-B72B-FFBAA68AB554}"
EndProject
Global
	GlobalSection(SolutionConfigurationPlatforms) = preSolution
		Debug|Any CPU = Debug|Any CPU
		Release|Any CPU = Release|Any CPU
	EndGlobalSection
	GlobalSection(ProjectConfigurationPlatforms) = postSolution
		{8E9D0C48-F9A6-4D44-B57E-E9D747C112A1}.Debug|Any CPU.ActiveCfg = Debug|Any CPU
		{8E9D0C48-F9A6-4D44-B57E-E9D747C112A1}.Debug|Any CPU.Build.0 = Debug|Any CPU
		{8E9D0C48-F9A6-4D44-B57E-E9D747C112A1}.Release|Any CPU.ActiveCfg = Release|Any CPU
		{8E9D0C48-F9A6-4D44-B57E-E9D747C112A1}.Release|Any CPU.Build.0 = Release|Any CPU
		{033D3DED-2FB6-492E-B72B-FFBAA68AB554}.Debug|Any CPU.ActiveCfg = Debug|Any CPU
		{033D3DED-2FB6-492E-B72B-FFBAA68AB554}.Debug|Any CPU.Build.0 = Debug|Any CPU
		{033D3DED-2FB6-492E-B72B-FFBAA68AB554}.Release|Any CPU.ActiveCfg = Release|Any CPU
		{033D3DED-2FB6-492E-B72B-FFBAA68AB554}.Release|Any CPU.Build.0 = Release|Any CPU
	EndGlobalSection
	GlobalSection(SolutionProperties) = preSolution
		HideSolutionNode = FALSE
	EndGlobalSection
	GlobalSection(ExtensibilityGlobals) = postSolution
		SolutionGuid = {F0DE78ED-0511-47B1-860F-9D2719FB9371}
	EndGlobalSection
EndGlobal
